
Microsoft Visual Studio Solution File, Format Version 12.00
# Visual Studio Version 17
VisualStudioVersion = 17.3.32825.248
MinimumVisualStudioVersion = 10.0.40219.1
Project("{FAE04EC0-301F-11D3-BF4B-00C04F79EFBC}") = "Topic 4 Monogame 2", "Topic 4 Monogame 2\Topic 4 Monogame 2.csproj", "{5778EB6E-3086-4407-89ED-E6A65351A712}"
EndProject
Global
	GlobalSection(SolutionConfigurationPlatforms) = preSolution
		Debug|Any CPU = Debug|Any CPU
		Release|Any CPU = Release|Any CPU
	EndGlobalSection
	GlobalSection(ProjectConfigurationPlatforms) = postSolution
		{5778EB6E-3086-4407-89ED-E6A65351A712}.Debug|Any CPU.ActiveCfg = Debug|Any CPU
		{5778EB6E-3086-4407-89ED-E6A65351A712}.Debug|Any CPU.Build.0 = Debug|Any CPU
		{5778EB6E-3086-4407-89ED-E6A65351A712}.Release|Any CPU.ActiveCfg = Release|Any CPU
		{5778EB6E-3086-4407-89ED-E6A65351A712}.Release|Any CPU.Build.0 = Release|Any CPU
	EndGlobalSection
	GlobalSection(SolutionProperties) = preSolution
		HideSolutionNode = FALSE
	EndGlobalSection
	GlobalSection(ExtensibilityGlobals) = postSolution
		SolutionGuid = {E07715DC-1A7C-464F-B7B0-DD86EC5EBC8C}
	EndGlobalSection
EndGlobal
